// !$*UTF8*$!
{
	archiveVersion = 1;
	classes = {
	};
	objectVersion = 46;
	objects = {

/* Begin PBXBuildFile section */
		1D60589F0D05DD5A006BFB54 /* Foundation.framework in Frameworks */ = {isa = PBXBuildFile; fileRef = 1D30AB110D05D00D00671497 /* Foundation.framework */; };
		1DF5F4E00D08C38300B7A737 /* UIKit.framework in Frameworks */ = {isa = PBXBuildFile; fileRef = 1DF5F4DF0D08C38300B7A737 /* UIKit.framework */; };
		288765A50DF7441C002DB57D /* CoreGraphics.framework in Frameworks */ = {isa = PBXBuildFile; fileRef = 288765A40DF7441C002DB57D /* CoreGraphics.framework */; };
		7B254DE41685DD1300B21EF9 /* Default-568h@2x.png in Resources */ = {isa = PBXBuildFile; fileRef = 7B254DE31685DD1300B21EF9 /* Default-568h@2x.png */; };
		7BAA29921212690D00BF4296 /* OpenAL.framework in Frameworks */ = {isa = PBXBuildFile; fileRef = 7BAA29911212690D00BF4296 /* OpenAL.framework */; };
		7BAA29961212691700BF4296 /* AudioToolbox.framework in Frameworks */ = {isa = PBXBuildFile; fileRef = 7BAA29951212691700BF4296 /* AudioToolbox.framework */; };
		7BAA29DA12126BFA00BF4296 /* QuartzCore.framework in Frameworks */ = {isa = PBXBuildFile; fileRef = 7BAA29D912126BFA00BF4296 /* QuartzCore.framework */; };
		7BACBACF1211DE8E005E8F00 /* P200 Piano A#2.caf in Resources */ = {isa = PBXBuildFile; fileRef = 7BACBABA1211DE8E005E8F00 /* P200 Piano A#2.caf */; };
		7BACBAD01211DE8E005E8F00 /* P200 Piano A#3.caf in Resources */ = {isa = PBXBuildFile; fileRef = 7BACBABB1211DE8E005E8F00 /* P200 Piano A#3.caf */; };
		7BACBAD11211DE8E005E8F00 /* P200 Piano A#4.caf in Resources */ = {isa = PBXBuildFile; fileRef = 7BACBABC1211DE8E005E8F00 /* P200 Piano A#4.caf */; };
		7BACBAD21211DE8E005E8F00 /* P200 Piano A#5.caf in Resources */ = {isa = PBXBuildFile; fileRef = 7BACBABD1211DE8E005E8F00 /* P200 Piano A#5.caf */; };
		7BACBAD31211DE8E005E8F00 /* P200 Piano A#7.caf in Resources */ = {isa = PBXBuildFile; fileRef = 7BACBABE1211DE8E005E8F00 /* P200 Piano A#7.caf */; };
		7BACBAD41211DE8E005E8F00 /* P200 Piano C10.caf in Resources */ = {isa = PBXBuildFile; fileRef = 7BACBABF1211DE8E005E8F00 /* P200 Piano C10.caf */; };
		7BACBAD51211DE8E005E8F00 /* P200 Piano C7.caf in Resources */ = {isa = PBXBuildFile; fileRef = 7BACBAC01211DE8E005E8F00 /* P200 Piano C7.caf */; };
		7BACBAD61211DE8E005E8F00 /* P200 Piano D#8.caf in Resources */ = {isa = PBXBuildFile; fileRef = 7BACBAC11211DE8E005E8F00 /* P200 Piano D#8.caf */; };
		7BACBAD71211DE8E005E8F00 /* P200 Piano D2.caf in Resources */ = {isa = PBXBuildFile; fileRef = 7BACBAC21211DE8E005E8F00 /* P200 Piano D2.caf */; };
		7BACBAD81211DE8E005E8F00 /* P200 Piano D3.caf in Resources */ = {isa = PBXBuildFile; fileRef = 7BACBAC31211DE8E005E8F00 /* P200 Piano D3.caf */; };
		7BACBAD91211DE8E005E8F00 /* P200 Piano D4.caf in Resources */ = {isa = PBXBuildFile; fileRef = 7BACBAC41211DE8E005E8F00 /* P200 Piano D4.caf */; };
		7BACBADA1211DE8E005E8F00 /* P200 Piano D5.caf in Resources */ = {isa = PBXBuildFile; fileRef = 7BACBAC51211DE8E005E8F00 /* P200 Piano D5.caf */; };
		7BACBADB1211DE8E005E8F00 /* P200 Piano D6.caf in Resources */ = {isa = PBXBuildFile; fileRef = 7BACBAC61211DE8E005E8F00 /* P200 Piano D6.caf */; };
		7BACBADC1211DE8E005E8F00 /* P200 Piano F#2.caf in Resources */ = {isa = PBXBuildFile; fileRef = 7BACBAC71211DE8E005E8F00 /* P200 Piano F#2.caf */; };
		7BACBADD1211DE8E005E8F00 /* P200 Piano F#3.caf in Resources */ = {isa = PBXBuildFile; fileRef = 7BACBAC81211DE8E005E8F00 /* P200 Piano F#3.caf */; };
		7BACBADE1211DE8E005E8F00 /* P200 Piano F#4.caf in Resources */ = {isa = PBXBuildFile; fileRef = 7BACBAC91211DE8E005E8F00 /* P200 Piano F#4.caf */; };
		7BACBADF1211DE8E005E8F00 /* P200 Piano F#5.caf in Resources */ = {isa = PBXBuildFile; fileRef = 7BACBACA1211DE8E005E8F00 /* P200 Piano F#5.caf */; };
		7BACBAE01211DE8E005E8F00 /* P200 Piano F#6.caf in Resources */ = {isa = PBXBuildFile; fileRef = 7BACBACB1211DE8E005E8F00 /* P200 Piano F#6.caf */; };
		7BACBAE11211DE8E005E8F00 /* P200 Piano F#7.caf in Resources */ = {isa = PBXBuildFile; fileRef = 7BACBACC1211DE8E005E8F00 /* P200 Piano F#7.caf */; };
		7BACBAE21211DE8E005E8F00 /* P200 Piano G#9.caf in Resources */ = {isa = PBXBuildFile; fileRef = 7BACBACD1211DE8E005E8F00 /* P200 Piano G#9.caf */; };
		7BACBAE31211DE8E005E8F00 /* Piano.plist in Resources */ = {isa = PBXBuildFile; fileRef = 7BACBACE1211DE8E005E8F00 /* Piano.plist */; };
		7BF55AE41595F5AD00324B00 /* OpenALSupport.c in Sources */ = {isa = PBXBuildFile; fileRef = 7BF55ADB1595F5AD00324B00 /* OpenALSupport.c */; };
		7BF55AE51595F5AD00324B00 /* SoundBankPlayer.m in Sources */ = {isa = PBXBuildFile; fileRef = 7BF55ADE1595F5AD00324B00 /* SoundBankPlayer.m */; };
		7BF55AF01595F5CE00324B00 /* DemoAppDelegate.m in Sources */ = {isa = PBXBuildFile; fileRef = 7BF55AEA1595F5CE00324B00 /* DemoAppDelegate.m */; };
		7BF55AF11595F5CE00324B00 /* DemoViewController.m in Sources */ = {isa = PBXBuildFile; fileRef = 7BF55AEC1595F5CE00324B00 /* DemoViewController.m */; };
		7BF55AF21595F5CE00324B00 /* DemoViewController.xib in Resources */ = {isa = PBXBuildFile; fileRef = 7BF55AED1595F5CE00324B00 /* DemoViewController.xib */; };
		7BF55AF31595F5CE00324B00 /* main.m in Sources */ = {isa = PBXBuildFile; fileRef = 7BF55AEE1595F5CE00324B00 /* main.m */; };
/* End PBXBuildFile section */

/* Begin PBXFileReference section */
		1D30AB110D05D00D00671497 /* Foundation.framework */ = {isa = PBXFileReference; lastKnownFileType = wrapper.framework; name = Foundation.framework; path = System/Library/Frameworks/Foundation.framework; sourceTree = SDKROOT; };
		1D6058910D05DD3D006BFB54 /* Demo.app */ = {isa = PBXFileReference; explicitFileType = wrapper.application; includeInIndex = 0; path = Demo.app; sourceTree = BUILT_PRODUCTS_DIR; };
		1DF5F4DF0D08C38300B7A737 /* UIKit.framework */ = {isa = PBXFileReference; lastKnownFileType = wrapper.framework; name = UIKit.framework; path = System/Library/Frameworks/UIKit.framework; sourceTree = SDKROOT; };
		288765A40DF7441C002DB57D /* CoreGraphics.framework */ = {isa = PBXFileReference; lastKnownFileType = wrapper.framework; name = CoreGraphics.framework; path = System/Library/Frameworks/CoreGraphics.framework; sourceTree = SDKROOT; };
		7B254DE31685DD1300B21EF9 /* Default-568h@2x.png */ = {isa = PBXFileReference; lastKnownFileType = image.png; path = "Default-568h@2x.png"; sourceTree = "<group>"; };
		7BAA29911212690D00BF4296 /* OpenAL.framework */ = {isa = PBXFileReference; lastKnownFileType = wrapper.framework; name = OpenAL.framework; path = System/Library/Frameworks/OpenAL.framework; sourceTree = SDKROOT; };
		7BAA29951212691700BF4296 /* AudioToolbox.framework */ = {isa = PBXFileReference; lastKnownFileType = wrapper.framework; name = AudioToolbox.framework; path = System/Library/Frameworks/AudioToolbox.framework; sourceTree = SDKROOT; };
		7BAA29D912126BFA00BF4296 /* QuartzCore.framework */ = {isa = PBXFileReference; lastKnownFileType = wrapper.framework; name = QuartzCore.framework; path = System/Library/Frameworks/QuartzCore.framework; sourceTree = SDKROOT; };
		7BACBABA1211DE8E005E8F00 /* P200 Piano A#2.caf */ = {isa = PBXFileReference; lastKnownFileType = file; path = "P200 Piano A#2.caf"; sourceTree = "<group>"; };
		7BACBABB1211DE8E005E8F00 /* P200 Piano A#3.caf */ = {isa = PBXFileReference; lastKnownFileType = file; path = "P200 Piano A#3.caf"; sourceTree = "<group>"; };
		7BACBABC1211DE8E005E8F00 /* P200 Piano A#4.caf */ = {isa = PBXFileReference; lastKnownFileType = file; path = "P200 Piano A#4.caf"; sourceTree = "<group>"; };
		7BACBABD1211DE8E005E8F00 /* P200 Piano A#5.caf */ = {isa = PBXFileReference; lastKnownFileType = file; path = "P200 Piano A#5.caf"; sourceTree = "<group>"; };
		7BACBABE1211DE8E005E8F00 /* P200 Piano A#7.caf */ = {isa = PBXFileReference; lastKnownFileType = file; path = "P200 Piano A#7.caf"; sourceTree = "<group>"; };
		7BACBABF1211DE8E005E8F00 /* P200 Piano C10.caf */ = {isa = PBXFileReference; lastKnownFileType = file; path = "P200 Piano C10.caf"; sourceTree = "<group>"; };
		7BACBAC01211DE8E005E8F00 /* P200 Piano C7.caf */ = {isa = PBXFileReference; lastKnownFileType = file; path = "P200 Piano C7.caf"; sourceTree = "<group>"; };
		7BACBAC11211DE8E005E8F00 /* P200 Piano D#8.caf */ = {isa = PBXFileReference; lastKnownFileType = file; path = "P200 Piano D#8.caf"; sourceTree = "<group>"; };
		7BACBAC21211DE8E005E8F00 /* P200 Piano D2.caf */ = {isa = PBXFileReference; lastKnownFileType = file; path = "P200 Piano D2.caf"; sourceTree = "<group>"; };
		7BACBAC31211DE8E005E8F00 /* P200 Piano D3.caf */ = {isa = PBXFileReference; lastKnownFileType = file; path = "P200 Piano D3.caf"; sourceTree = "<group>"; };
		7BACBAC41211DE8E005E8F00 /* P200 Piano D4.caf */ = {isa = PBXFileReference; lastKnownFileType = file; path = "P200 Piano D4.caf"; sourceTree = "<group>"; };
		7BACBAC51211DE8E005E8F00 /* P200 Piano D5.caf */ = {isa = PBXFileReference; lastKnownFileType = file; path = "P200 Piano D5.caf"; sourceTree = "<group>"; };
		7BACBAC61211DE8E005E8F00 /* P200 Piano D6.caf */ = {isa = PBXFileReference; lastKnownFileType = file; path = "P200 Piano D6.caf"; sourceTree = "<group>"; };
		7BACBAC71211DE8E005E8F00 /* P200 Piano F#2.caf */ = {isa = PBXFileReference; lastKnownFileType = file; path = "P200 Piano F#2.caf"; sourceTree = "<group>"; };
		7BACBAC81211DE8E005E8F00 /* P200 Piano F#3.caf */ = {isa = PBXFileReference; lastKnownFileType = file; path = "P200 Piano F#3.caf"; sourceTree = "<group>"; };
		7BACBAC91211DE8E005E8F00 /* P200 Piano F#4.caf */ = {isa = PBXFileReference; lastKnownFileType = file; path = "P200 Piano F#4.caf"; sourceTree = "<group>"; };
		7BACBACA1211DE8E005E8F00 /* P200 Piano F#5.caf */ = {isa = PBXFileReference; lastKnownFileType = file; path = "P200 Piano F#5.caf"; sourceTree = "<group>"; };
		7BACBACB1211DE8E005E8F00 /* P200 Piano F#6.caf */ = {isa = PBXFileReference; lastKnownFileType = file; path = "P200 Piano F#6.caf"; sourceTree = "<group>"; };
		7BACBACC1211DE8E005E8F00 /* P200 Piano F#7.caf */ = {isa = PBXFileReference; lastKnownFileType = file; path = "P200 Piano F#7.caf"; sourceTree = "<group>"; };
		7BACBACD1211DE8E005E8F00 /* P200 Piano G#9.caf */ = {isa = PBXFileReference; lastKnownFileType = file; path = "P200 Piano G#9.caf"; sourceTree = "<group>"; };
		7BACBACE1211DE8E005E8F00 /* Piano.plist */ = {isa = PBXFileReference; fileEncoding = 4; lastKnownFileType = text.plist.xml; path = Piano.plist; sourceTree = "<group>"; };
		7BF55ADB1595F5AD00324B00 /* OpenALSupport.c */ = {isa = PBXFileReference; fileEncoding = 4; lastKnownFileType = sourcecode.c.c; path = OpenALSupport.c; sourceTree = "<group>"; };
		7BF55ADC1595F5AD00324B00 /* OpenALSupport.h */ = {isa = PBXFileReference; fileEncoding = 4; lastKnownFileType = sourcecode.c.h; path = OpenALSupport.h; sourceTree = "<group>"; };
		7BF55ADD1595F5AD00324B00 /* SoundBankPlayer.h */ = {isa = PBXFileReference; fileEncoding = 4; lastKnownFileType = sourcecode.c.h; path = SoundBankPlayer.h; sourceTree = "<group>"; };
		7BF55ADE1595F5AD00324B00 /* SoundBankPlayer.m */ = {isa = PBXFileReference; fileEncoding = 4; lastKnownFileType = sourcecode.c.objc; path = SoundBankPlayer.m; sourceTree = "<group>"; };
		7BF55AE71595F5CE00324B00 /* Demo-Info.plist */ = {isa = PBXFileReference; fileEncoding = 4; lastKnownFileType = text.plist.xml; path = "Demo-Info.plist"; sourceTree = "<group>"; };
		7BF55AE81595F5CE00324B00 /* Demo_Prefix.pch */ = {isa = PBXFileReference; fileEncoding = 4; lastKnownFileType = sourcecode.c.h; path = Demo_Prefix.pch; sourceTree = "<group>"; };
		7BF55AE91595F5CE00324B00 /* DemoAppDelegate.h */ = {isa = PBXFileReference; fileEncoding = 4; lastKnownFileType = sourcecode.c.h; path = DemoAppDelegate.h; sourceTree = "<group>"; };
		7BF55AEA1595F5CE00324B00 /* DemoAppDelegate.m */ = {isa = PBXFileReference; fileEncoding = 4; lastKnownFileType = sourcecode.c.objc; path = DemoAppDelegate.m; sourceTree = "<group>"; };
		7BF55AEB1595F5CE00324B00 /* DemoViewController.h */ = {isa = PBXFileReference; fileEncoding = 4; lastKnownFileType = sourcecode.c.h; path = DemoViewController.h; sourceTree = "<group>"; };
		7BF55AEC1595F5CE00324B00 /* DemoViewController.m */ = {isa = PBXFileReference; fileEncoding = 4; lastKnownFileType = sourcecode.c.objc; path = DemoViewController.m; sourceTree = "<group>"; };
		7BF55AED1595F5CE00324B00 /* DemoViewController.xib */ = {isa = PBXFileReference; fileEncoding = 4; lastKnownFileType = file.xib; path = DemoViewController.xib; sourceTree = "<group>"; };
		7BF55AEE1595F5CE00324B00 /* main.m */ = {isa = PBXFileReference; fileEncoding = 4; lastKnownFileType = sourcecode.c.objc; path = main.m; sourceTree = "<group>"; };
/* End PBXFileReference section */

/* Begin PBXFrameworksBuildPhase section */
		1D60588F0D05DD3D006BFB54 /* Frameworks */ = {
			isa = PBXFrameworksBuildPhase;
			buildActionMask = 2147483647;
			files = (
				1D60589F0D05DD5A006BFB54 /* Foundation.framework in Frameworks */,
				1DF5F4E00D08C38300B7A737 /* UIKit.framework in Frameworks */,
				288765A50DF7441C002DB57D /* CoreGraphics.framework in Frameworks */,
				7BAA29921212690D00BF4296 /* OpenAL.framework in Frameworks */,
				7BAA29961212691700BF4296 /* AudioToolbox.framework in Frameworks */,
				7BAA29DA12126BFA00BF4296 /* QuartzCore.framework in Frameworks */,
			);
			runOnlyForDeploymentPostprocessing = 0;
		};
/* End PBXFrameworksBuildPhase section */

/* Begin PBXGroup section */
		19C28FACFE9D520D11CA2CBB /* Products */ = {
			isa = PBXGroup;
			children = (
				1D6058910D05DD3D006BFB54 /* Demo.app */,
			);
			name = Products;
			sourceTree = "<group>";
		};
		29B97314FDCFA39411CA2CEA /* CustomTemplate */ = {
			isa = PBXGroup;
			children = (
				7BF55ADA1595F5AD00324B00 /* SoundBankPlayer */,
				7BF55AE61595F5CE00324B00 /* Demo */,
				7BACBAB91211DE8E005E8F00 /* Sounds */,
				29B97323FDCFA39411CA2CEA /* Frameworks */,
				19C28FACFE9D520D11CA2CBB /* Products */,
			);
			name = CustomTemplate;
			sourceTree = "<group>";
		};
		29B97323FDCFA39411CA2CEA /* Frameworks */ = {
			isa = PBXGroup;
			children = (
				7BAA29951212691700BF4296 /* AudioToolbox.framework */,
				288765A40DF7441C002DB57D /* CoreGraphics.framework */,
				1D30AB110D05D00D00671497 /* Foundation.framework */,
				7BAA29911212690D00BF4296 /* OpenAL.framework */,
				7BAA29D912126BFA00BF4296 /* QuartzCore.framework */,
				1DF5F4DF0D08C38300B7A737 /* UIKit.framework */,
			);
			name = Frameworks;
			sourceTree = "<group>";
		};
		7B254DE01685DC2C00B21EF9 /* Supporting Files */ = {
			isa = PBXGroup;
			children = (
				7B254DE31685DD1300B21EF9 /* Default-568h@2x.png */,
				7BF55AE71595F5CE00324B00 /* Demo-Info.plist */,
				7BF55AE81595F5CE00324B00 /* Demo_Prefix.pch */,
				7BF55AEE1595F5CE00324B00 /* main.m */,
			);
			name = "Supporting Files";
			sourceTree = "<group>";
		};
		7BACBAB91211DE8E005E8F00 /* Sounds */ = {
			isa = PBXGroup;
			children = (
				7BACBABA1211DE8E005E8F00 /* P200 Piano A#2.caf */,
				7BACBABB1211DE8E005E8F00 /* P200 Piano A#3.caf */,
				7BACBABC1211DE8E005E8F00 /* P200 Piano A#4.caf */,
				7BACBABD1211DE8E005E8F00 /* P200 Piano A#5.caf */,
				7BACBABE1211DE8E005E8F00 /* P200 Piano A#7.caf */,
				7BACBABF1211DE8E005E8F00 /* P200 Piano C10.caf */,
				7BACBAC01211DE8E005E8F00 /* P200 Piano C7.caf */,
				7BACBAC11211DE8E005E8F00 /* P200 Piano D#8.caf */,
				7BACBAC21211DE8E005E8F00 /* P200 Piano D2.caf */,
				7BACBAC31211DE8E005E8F00 /* P200 Piano D3.caf */,
				7BACBAC41211DE8E005E8F00 /* P200 Piano D4.caf */,
				7BACBAC51211DE8E005E8F00 /* P200 Piano D5.caf */,
				7BACBAC61211DE8E005E8F00 /* P200 Piano D6.caf */,
				7BACBAC71211DE8E005E8F00 /* P200 Piano F#2.caf */,
				7BACBAC81211DE8E005E8F00 /* P200 Piano F#3.caf */,
				7BACBAC91211DE8E005E8F00 /* P200 Piano F#4.caf */,
				7BACBACA1211DE8E005E8F00 /* P200 Piano F#5.caf */,
				7BACBACB1211DE8E005E8F00 /* P200 Piano F#6.caf */,
				7BACBACC1211DE8E005E8F00 /* P200 Piano F#7.caf */,
				7BACBACD1211DE8E005E8F00 /* P200 Piano G#9.caf */,
				7BACBACE1211DE8E005E8F00 /* Piano.plist */,
			);
			path = Sounds;
			sourceTree = "<group>";
		};
		7BF55ADA1595F5AD00324B00 /* SoundBankPlayer */ = {
			isa = PBXGroup;
			children = (
				7BF55ADC1595F5AD00324B00 /* OpenALSupport.h */,
				7BF55ADB1595F5AD00324B00 /* OpenALSupport.c */,
				7BF55ADD1595F5AD00324B00 /* SoundBankPlayer.h */,
				7BF55ADE1595F5AD00324B00 /* SoundBankPlayer.m */,
			);
			path = SoundBankPlayer;
			sourceTree = "<group>";
		};
		7BF55AE61595F5CE00324B00 /* Demo */ = {
			isa = PBXGroup;
			children = (
				7BF55AE91595F5CE00324B00 /* DemoAppDelegate.h */,
				7BF55AEA1595F5CE00324B00 /* DemoAppDelegate.m */,
				7BF55AEB1595F5CE00324B00 /* DemoViewController.h */,
				7BF55AEC1595F5CE00324B00 /* DemoViewController.m */,
				7BF55AED1595F5CE00324B00 /* DemoViewController.xib */,
				7B254DE01685DC2C00B21EF9 /* Supporting Files */,
			);
			path = Demo;
			sourceTree = "<group>";
		};
/* End PBXGroup section */

/* Begin PBXNativeTarget section */
		1D6058900D05DD3D006BFB54 /* Demo */ = {
			isa = PBXNativeTarget;
			buildConfigurationList = 1D6058960D05DD3E006BFB54 /* Build configuration list for PBXNativeTarget "Demo" */;
			buildPhases = (
				1D60588D0D05DD3D006BFB54 /* Resources */,
				1D60588E0D05DD3D006BFB54 /* Sources */,
				1D60588F0D05DD3D006BFB54 /* Frameworks */,
			);
			buildRules = (
			);
			dependencies = (
			);
			name = Demo;
			productName = Demo;
			productReference = 1D6058910D05DD3D006BFB54 /* Demo.app */;
			productType = "com.apple.product-type.application";
		};
/* End PBXNativeTarget section */

/* Begin PBXProject section */
		29B97313FDCFA39411CA2CEA /* Project object */ = {
			isa = PBXProject;
			attributes = {
				LastUpgradeCheck = 0510;
			};
			buildConfigurationList = C01FCF4E08A954540054247B /* Build configuration list for PBXProject "Demo" */;
			compatibilityVersion = "Xcode 3.2";
			developmentRegion = English;
			hasScannedForEncodings = 1;
			knownRegions = (
				English,
				Japanese,
				French,
				German,
			);
			mainGroup = 29B97314FDCFA39411CA2CEA /* CustomTemplate */;
			projectDirPath = "";
			projectRoot = "";
			targets = (
				1D6058900D05DD3D006BFB54 /* Demo */,
			);
		};
/* End PBXProject section */

/* Begin PBXResourcesBuildPhase section */
		1D60588D0D05DD3D006BFB54 /* Resources */ = {
			isa = PBXResourcesBuildPhase;
			buildActionMask = 2147483647;
			files = (
				7BACBACF1211DE8E005E8F00 /* P200 Piano A#2.caf in Resources */,
				7BACBAD01211DE8E005E8F00 /* P200 Piano A#3.caf in Resources */,
				7BACBAD11211DE8E005E8F00 /* P200 Piano A#4.caf in Resources */,
				7BACBAD21211DE8E005E8F00 /* P200 Piano A#5.caf in Resources */,
				7BACBAD31211DE8E005E8F00 /* P200 Piano A#7.caf in Resources */,
				7BACBAD41211DE8E005E8F00 /* P200 Piano C10.caf in Resources */,
				7BACBAD51211DE8E005E8F00 /* P200 Piano C7.caf in Resources */,
				7BACBAD61211DE8E005E8F00 /* P200 Piano D#8.caf in Resources */,
				7BACBAD71211DE8E005E8F00 /* P200 Piano D2.caf in Resources */,
				7BACBAD81211DE8E005E8F00 /* P200 Piano D3.caf in Resources */,
				7BACBAD91211DE8E005E8F00 /* P200 Piano D4.caf in Resources */,
				7BACBADA1211DE8E005E8F00 /* P200 Piano D5.caf in Resources */,
				7BACBADB1211DE8E005E8F00 /* P200 Piano D6.caf in Resources */,
				7BACBADC1211DE8E005E8F00 /* P200 Piano F#2.caf in Resources */,
				7BACBADD1211DE8E005E8F00 /* P200 Piano F#3.caf in Resources */,
				7BACBADE1211DE8E005E8F00 /* P200 Piano F#4.caf in Resources */,
				7BACBADF1211DE8E005E8F00 /* P200 Piano F#5.caf in Resources */,
				7BACBAE01211DE8E005E8F00 /* P200 Piano F#6.caf in Resources */,
				7BACBAE11211DE8E005E8F00 /* P200 Piano F#7.caf in Resources */,
				7BACBAE21211DE8E005E8F00 /* P200 Piano G#9.caf in Resources */,
				7BACBAE31211DE8E005E8F00 /* Piano.plist in Resources */,
				7BF55AF21595F5CE00324B00 /* DemoViewController.xib in Resources */,
				7B254DE41685DD1300B21EF9 /* Default-568h@2x.png in Resources */,
			);
			runOnlyForDeploymentPostprocessing = 0;
		};
/* End PBXResourcesBuildPhase section */

/* Begin PBXSourcesBuildPhase section */
		1D60588E0D05DD3D006BFB54 /* Sources */ = {
			isa = PBXSourcesBuildPhase;
			buildActionMask = 2147483647;
			files = (
				7BF55AE41595F5AD00324B00 /* OpenALSupport.c in Sources */,
				7BF55AE51595F5AD00324B00 /* SoundBankPlayer.m in Sources */,
				7BF55AF01595F5CE00324B00 /* DemoAppDelegate.m in Sources */,
				7BF55AF11595F5CE00324B00 /* DemoViewController.m in Sources */,
				7BF55AF31595F5CE00324B00 /* main.m in Sources */,
			);
			runOnlyForDeploymentPostprocessing = 0;
		};
/* End PBXSourcesBuildPhase section */

/* Begin XCBuildConfiguration section */
		1D6058940D05DD3E006BFB54 /* Debug */ = {
			isa = XCBuildConfiguration;
			buildSettings = {
				ALWAYS_SEARCH_USER_PATHS = NO;
				CLANG_ENABLE_OBJC_ARC = YES;
				CLANG_STATIC_ANALYZER_MODE = deep;
				COPY_PHASE_STRIP = NO;
				GCC_DYNAMIC_NO_PIC = NO;
				GCC_OPTIMIZATION_LEVEL = 0;
				GCC_PRECOMPILE_PREFIX_HEADER = YES;
				GCC_PREFIX_HEADER = Demo/Demo_Prefix.pch;
				GCC_VERSION = com.apple.compilers.llvm.clang.1_0;
				INFOPLIST_FILE = "Demo/Demo-Info.plist";
				PRODUCT_NAME = Demo;
				RUN_CLANG_STATIC_ANALYZER = YES;
				WARNING_CFLAGS = (
					"-Wall",
					"-Wextra",
					"-Wno-unused-parameter",
				);
			};
			name = Debug;
		};
		1D6058950D05DD3E006BFB54 /* Release */ = {
			isa = XCBuildConfiguration;
			buildSettings = {
				ALWAYS_SEARCH_USER_PATHS = NO;
				CLANG_ENABLE_OBJC_ARC = YES;
				CLANG_STATIC_ANALYZER_MODE = deep;
				COPY_PHASE_STRIP = YES;
				GCC_PRECOMPILE_PREFIX_HEADER = YES;
				GCC_PREFIX_HEADER = Demo/Demo_Prefix.pch;
				GCC_VERSION = com.apple.compilers.llvm.clang.1_0;
				INFOPLIST_FILE = "Demo/Demo-Info.plist";
				PRODUCT_NAME = Demo;
				RUN_CLANG_STATIC_ANALYZER = YES;
				VALIDATE_PRODUCT = YES;
				WARNING_CFLAGS = (
					"-Wall",
					"-Wextra",
					"-Wno-unused-parameter",
				);
			};
			name = Release;
		};
		C01FCF4F08A954540054247B /* Debug */ = {
			isa = XCBuildConfiguration;
			buildSettings = {
				"CODE_SIGN_IDENTITY[sdk=iphoneos*]" = "iPhone Developer";
				GCC_C_LANGUAGE_STANDARD = c99;
				GCC_WARN_ABOUT_RETURN_TYPE = YES;
				GCC_WARN_UNUSED_VARIABLE = YES;
				IPHONEOS_DEPLOYMENT_TARGET = 5.0;
				ONLY_ACTIVE_ARCH = YES;
				SDKROOT = iphoneos;
			};
			name = Debug;
		};
		C01FCF5008A954540054247B /* Release */ = {
			isa = XCBuildConfiguration;
			buildSettings = {
				"CODE_SIGN_IDENTITY[sdk=iphoneos*]" = "iPhone Developer";
				GCC_C_LANGUAGE_STANDARD = c99;
				GCC_WARN_ABOUT_RETURN_TYPE = YES;
				GCC_WARN_UNUSED_VARIABLE = YES;
				IPHONEOS_DEPLOYMENT_TARGET = 5.0;
				OTHER_CFLAGS = "-DNS_BLOCK_ASSERTIONS=1";
				SDKROOT = iphoneos;
			};
			name = Release;
		};
/* End XCBuildConfiguration section */

/* Begin XCConfigurationList section */
		1D6058960D05DD3E006BFB54 /* Build configuration list for PBXNativeTarget "Demo" */ = {
			isa = XCConfigurationList;
			buildConfigurations = (
				1D6058940D05DD3E006BFB54 /* Debug */,
				1D6058950D05DD3E006BFB54 /* Release */,
			);
			defaultConfigurationIsVisible = 0;
			defaultConfigurationName = Release;
		};
		C01FCF4E08A954540054247B /* Build configuration list for PBXProject "Demo" */ = {
			isa = XCConfigurationList;
			buildConfigurations = (
				C01FCF4F08A954540054247B /* Debug */,
				C01FCF5008A954540054247B /* Release */,
			);
			defaultConfigurationIsVisible = 0;
			defaultConfigurationName = Release;
		};
/* End XCConfigurationList section */
	};
	rootObject = 29B97313FDCFA39411CA2CEA /* Project object */;
}
